
Microsoft Visual Studio Solution File, Format Version 12.00
# Visual Studio Version 16
VisualStudioVersion = 16.0.29806.167
MinimumVisualStudioVersion = 10.0.40219.1
Project("{FAE04EC0-301F-11D3-BF4B-00C04F79EFBC}") = "Buscaminas", "Buscaminas.csproj", "{B830F036-D671-4AA3-8676-E71285E197D3}"
EndProject
Global
	GlobalSection(SolutionConfigurationPlatforms) = preSolution
		Debug|Any CPU = Debug|Any CPU
		Release|Any CPU = Release|Any CPU
	EndGlobalSection
	GlobalSection(ProjectConfigurationPlatforms) = postSolution
		{B830F036-D671-4AA3-8676-E71285E197D3}.Debug|Any CPU.ActiveCfg = Debug|Any CPU
		{B830F036-D671-4AA3-8676-E71285E197D3}.Debug|Any CPU.Build.0 = Debug|Any CPU
		{B830F036-D671-4AA3-8676-E71285E197D3}.Release|Any CPU.ActiveCfg = Release|Any CPU
		{B830F036-D671-4AA3-8676-E71285E197D3}.Release|Any CPU.Build.0 = Release|Any CPU
	EndGlobalSection
	GlobalSection(SolutionProperties) = preSolution
		HideSolutionNode = FALSE
	EndGlobalSection
	GlobalSection(ExtensibilityGlobals) = postSolution
		SolutionGuid = {5DE9F2DE-25BC-439E-BBF4-50128109416F}
	EndGlobalSection
EndGlobal
